
Microsoft Visual Studio Solution File, Format Version 12.00
Project("{FAE04EC0-301F-11D3-BF4B-00C04F79EFBC}") = "DirectoryService.Domain", "src\DirectoryService.Domain\DirectoryService.Domain.csproj", "{74CE5C43-5FDE-4ED5-8529-0721E6FB3D83}"
EndProject
Project("{2150E333-8FDC-42A3-9474-1A3956D46DE8}") = "src", "src", "{0AB0407C-6605-44C9-8F7B-E9E5282658D7}"
EndProject
Project("{FAE04EC0-301F-11D3-BF4B-00C04F79EFBC}") = "DirectoryService.Presentation", "src\DirectoryService.Presentation\DirectoryService.Presentation.csproj", "{DEDAD054-B8DF-4F1F-BB3F-6AE68DB88BC3}"
EndProject
Project("{FAE04EC0-301F-11D3-BF4B-00C04F79EFBC}") = "DirectoryService.Application", "src\DirectoryService.Application\DirectoryService.Application.csproj", "{4FDDF320-F4BC-4574-AB84-1781379F2F51}"
EndProject
Project("{FAE04EC0-301F-11D3-BF4B-00C04F79EFBC}") = "DirectoryService.Infrastructure", "src\DirectoryService.Infrastructure\DirectoryService.Infrastructure.csproj", "{D94FB6FF-A933-4375-A6BF-B623A94DF8C1}"
EndProject
Project("{FAE04EC0-301F-11D3-BF4B-00C04F79EFBC}") = "DirectoryService.Contracts", "src\DirectoryService.Contracts\DirectoryService.Contracts.csproj", "{15AB87A9-7AB6-4B9E-8FCF-ABD328414586}"
EndProject
Global
	GlobalSection(SolutionConfigurationPlatforms) = preSolution
		Debug|Any CPU = Debug|Any CPU
		Release|Any CPU = Release|Any CPU
	EndGlobalSection
	GlobalSection(ProjectConfigurationPlatforms) = postSolution
		{74CE5C43-5FDE-4ED5-8529-0721E6FB3D83}.Debug|Any CPU.ActiveCfg = Debug|Any CPU
		{74CE5C43-5FDE-4ED5-8529-0721E6FB3D83}.Debug|Any CPU.Build.0 = Debug|Any CPU
		{74CE5C43-5FDE-4ED5-8529-0721E6FB3D83}.Release|Any CPU.ActiveCfg = Release|Any CPU
		{74CE5C43-5FDE-4ED5-8529-0721E6FB3D83}.Release|Any CPU.Build.0 = Release|Any CPU
		{DEDAD054-B8DF-4F1F-BB3F-6AE68DB88BC3}.Debug|Any CPU.ActiveCfg = Debug|Any CPU
		{DEDAD054-B8DF-4F1F-BB3F-6AE68DB88BC3}.Debug|Any CPU.Build.0 = Debug|Any CPU
		{DEDAD054-B8DF-4F1F-BB3F-6AE68DB88BC3}.Release|Any CPU.ActiveCfg = Release|Any CPU
		{DEDAD054-B8DF-4F1F-BB3F-6AE68DB88BC3}.Release|Any CPU.Build.0 = Release|Any CPU
		{4FDDF320-F4BC-4574-AB84-1781379F2F51}.Debug|Any CPU.ActiveCfg = Debug|Any CPU
		{4FDDF320-F4BC-4574-AB84-1781379F2F51}.Debug|Any CPU.Build.0 = Debug|Any CPU
		{4FDDF320-F4BC-4574-AB84-1781379F2F51}.Release|Any CPU.ActiveCfg = Release|Any CPU
		{4FDDF320-F4BC-4574-AB84-1781379F2F51}.Release|Any CPU.Build.0 = Release|Any CPU
		{D94FB6FF-A933-4375-A6BF-B623A94DF8C1}.Debug|Any CPU.ActiveCfg = Debug|Any CPU
		{D94FB6FF-A933-4375-A6BF-B623A94DF8C1}.Debug|Any CPU.Build.0 = Debug|Any CPU
		{D94FB6FF-A933-4375-A6BF-B623A94DF8C1}.Release|Any CPU.ActiveCfg = Release|Any CPU
		{D94FB6FF-A933-4375-A6BF-B623A94DF8C1}.Release|Any CPU.Build.0 = Release|Any CPU
		{15AB87A9-7AB6-4B9E-8FCF-ABD328414586}.Debug|Any CPU.ActiveCfg = Debug|Any CPU
		{15AB87A9-7AB6-4B9E-8FCF-ABD328414586}.Debug|Any CPU.Build.0 = Debug|Any CPU
		{15AB87A9-7AB6-4B9E-8FCF-ABD328414586}.Release|Any CPU.ActiveCfg = Release|Any CPU
		{15AB87A9-7AB6-4B9E-8FCF-ABD328414586}.Release|Any CPU.Build.0 = Release|Any CPU
	EndGlobalSection
	GlobalSection(NestedProjects) = preSolution
		{74CE5C43-5FDE-4ED5-8529-0721E6FB3D83} = {0AB0407C-6605-44C9-8F7B-E9E5282658D7}
		{DEDAD054-B8DF-4F1F-BB3F-6AE68DB88BC3} = {0AB0407C-6605-44C9-8F7B-E9E5282658D7}
		{4FDDF320-F4BC-4574-AB84-1781379F2F51} = {0AB0407C-6605-44C9-8F7B-E9E5282658D7}
		{D94FB6FF-A933-4375-A6BF-B623A94DF8C1} = {0AB0407C-6605-44C9-8F7B-E9E5282658D7}
		{15AB87A9-7AB6-4B9E-8FCF-ABD328414586} = {0AB0407C-6605-44C9-8F7B-E9E5282658D7}
	EndGlobalSection
EndGlobal
